// !$*UTF8*$!
{
	archiveVersion = 1;
	classes = {
	};
	objectVersion = 50;
	objects = {

/* Begin PBXBuildFile section */
		7E90CDB1209919BF00FDCFCA /* AppDelegate.m in Sources */ = {isa = PBXBuildFile; fileRef = 7E90CDB0209919BF00FDCFCA /* AppDelegate.m */; };
		7E90CDB4209919BF00FDCFCA /* ViewController.m in Sources */ = {isa = PBXBuildFile; fileRef = 7E90CDB3209919BF00FDCFCA /* ViewController.m */; };
		7E90CDB7209919BF00FDCFCA /* Main.storyboard in Resources */ = {isa = PBXBuildFile; fileRef = 7E90CDB5209919BF00FDCFCA /* Main.storyboard */; };
		7E90CDB9209919C000FDCFCA /* Assets.xcassets in Resources */ = {isa = PBXBuildFile; fileRef = 7E90CDB8209919C000FDCFCA /* Assets.xcassets */; };
		7E90CDBC209919C000FDCFCA /* LaunchScreen.storyboard in Resources */ = {isa = PBXBuildFile; fileRef = 7E90CDBA209919C000FDCFCA /* LaunchScreen.storyboard */; };
		7E90CDBF209919C000FDCFCA /* main.m in Sources */ = {isa = PBXBuildFile; fileRef = 7E90CDBE209919C000FDCFCA /* main.m */; };
		7E90CDC9209919C000FDCFCA /* UISwitchesTests.m in Sources */ = {isa = PBXBuildFile; fileRef = 7E90CDC8209919C000FDCFCA /* UISwitchesTests.m */; };
		7E90CDD4209919C000FDCFCA /* UISwitchesUITests.m in Sources */ = {isa = PBXBuildFile; fileRef = 7E90CDD3209919C000FDCFCA /* UISwitchesUITests.m */; };
/* End PBXBuildFile section */

/* Begin PBXContainerItemProxy section */
		7E90CDC5209919C000FDCFCA /* PBXContainerItemProxy */ = {
			isa = PBXContainerItemProxy;
			containerPortal = 7E90CDA4209919BF00FDCFCA /* Project object */;
			proxyType = 1;
			remoteGlobalIDString = 7E90CDAB209919BF00FDCFCA;
			remoteInfo = UISwitches;
		};
		7E90CDD0209919C000FDCFCA /* PBXContainerItemProxy */ = {
			isa = PBXContainerItemProxy;
			containerPortal = 7E90CDA4209919BF00FDCFCA /* Project object */;
			proxyType = 1;
			remoteGlobalIDString = 7E90CDAB209919BF00FDCFCA;
			remoteInfo = UISwitches;
		};
/* End PBXContainerItemProxy section */

/* Begin PBXFileReference section */
		7E90CDAC209919BF00FDCFCA /* UISwitches.app */ = {isa = PBXFileReference; explicitFileType = wrapper.application; includeInIndex = 0; path = UISwitches.app; sourceTree = BUILT_PRODUCTS_DIR; };
		7E90CDAF209919BF00FDCFCA /* AppDelegate.h */ = {isa = PBXFileReference; lastKnownFileType = sourcecode.c.h; path = AppDelegate.h; sourceTree = "<group>"; };
		7E90CDB0209919BF00FDCFCA /* AppDelegate.m */ = {isa = PBXFileReference; lastKnownFileType = sourcecode.c.objc; path = AppDelegate.m; sourceTree = "<group>"; };
		7E90CDB2209919BF00FDCFCA /* ViewController.h */ = {isa = PBXFileReference; lastKnownFileType = sourcecode.c.h; path = ViewController.h; sourceTree = "<group>"; };
		7E90CDB3209919BF00FDCFCA /* ViewController.m */ = {isa = PBXFileReference; lastKnownFileType = sourcecode.c.objc; path = ViewController.m; sourceTree = "<group>"; };
		7E90CDB6209919BF00FDCFCA /* Base */ = {isa = PBXFileReference; lastKnownFileType = file.storyboard; name = Base; path = Base.lproj/Main.storyboard; sourceTree = "<group>"; };
		7E90CDB8209919C000FDCFCA /* Assets.xcassets */ = {isa = PBXFileReference; lastKnownFileType = folder.assetcatalog; path = Assets.xcassets; sourceTree = "<group>"; };
		7E90CDBB209919C000FDCFCA /* Base */ = {isa = PBXFileReference; lastKnownFileType = file.storyboard; name = Base; path = Base.lproj/LaunchScreen.storyboard; sourceTree = "<group>"; };
		7E90CDBD209919C000FDCFCA /* Info.plist */ = {isa = PBXFileReference; lastKnownFileType = text.plist.xml; path = Info.plist; sourceTree = "<group>"; };
		7E90CDBE209919C000FDCFCA /* main.m */ = {isa = PBXFileReference; lastKnownFileType = sourcecode.c.objc; path = main.m; sourceTree = "<group>"; };
		7E90CDC4209919C000FDCFCA /* UISwitchesTests.xctest */ = {isa = PBXFileReference; explicitFileType = wrapper.cfbundle; includeInIndex = 0; path = UISwitchesTests.xctest; sourceTree = BUILT_PRODUCTS_DIR; };
		7E90CDC8209919C000FDCFCA /* UISwitchesTests.m */ = {isa = PBXFileReference; lastKnownFileType = sourcecode.c.objc; path = UISwitchesTests.m; sourceTree = "<group>"; };
		7E90CDCA209919C000FDCFCA /* Info.plist */ = {isa = PBXFileReference; lastKnownFileType = text.plist.xml; path = Info.plist; sourceTree = "<group>"; };
		7E90CDCF209919C000FDCFCA /* UISwitchesUITests.xctest */ = {isa = PBXFileReference; explicitFileType = wrapper.cfbundle; includeInIndex = 0; path = UISwitchesUITests.xctest; sourceTree = BUILT_PRODUCTS_DIR; };
		7E90CDD3209919C000FDCFCA /* UISwitchesUITests.m */ = {isa = PBXFileReference; lastKnownFileType = sourcecode.c.objc; path = UISwitchesUITests.m; sourceTree = "<group>"; };
		7E90CDD5209919C000FDCFCA /* Info.plist */ = {isa = PBXFileReference; lastKnownFileType = text.plist.xml; path = Info.plist; sourceTree = "<group>"; };
/* End PBXFileReference section */

/* Begin PBXFrameworksBuildPhase section */
		7E90CDA9209919BF00FDCFCA /* Frameworks */ = {
			isa = PBXFrameworksBuildPhase;
			buildActionMask = 2147483647;
			files = (
			);
			runOnlyForDeploymentPostprocessing = 0;
		};
		7E90CDC1209919C000FDCFCA /* Frameworks */ = {
			isa = PBXFrameworksBuildPhase;
			buildActionMask = 2147483647;
			files = (
			);
			runOnlyForDeploymentPostprocessing = 0;
		};
		7E90CDCC209919C000FDCFCA /* Frameworks */ = {
			isa = PBXFrameworksBuildPhase;
			buildActionMask = 2147483647;
			files = (
			);
			runOnlyForDeploymentPostprocessing = 0;
		};
/* End PBXFrameworksBuildPhase section */

/* Begin PBXGroup section */
		7E90CDA3209919BF00FDCFCA = {
			isa = PBXGroup;
			children = (
				7E90CDAE209919BF00FDCFCA /* UISwitches */,
				7E90CDC7209919C000FDCFCA /* UISwitchesTests */,
				7E90CDD2209919C000FDCFCA /* UISwitchesUITests */,
				7E90CDAD209919BF00FDCFCA /* Products */,
			);
			sourceTree = "<group>";
		};
		7E90CDAD209919BF00FDCFCA /* Products */ = {
			isa = PBXGroup;
			children = (
				7E90CDAC209919BF00FDCFCA /* UISwitches.app */,
				7E90CDC4209919C000FDCFCA /* UISwitchesTests.xctest */,
				7E90CDCF209919C000FDCFCA /* UISwitchesUITests.xctest */,
			);
			name = Products;
			sourceTree = "<group>";
		};
		7E90CDAE209919BF00FDCFCA /* UISwitches */ = {
			isa = PBXGroup;
			children = (
				7E90CDAF209919BF00FDCFCA /* AppDelegate.h */,
				7E90CDB0209919BF00FDCFCA /* AppDelegate.m */,
				7E90CDB2209919BF00FDCFCA /* ViewController.h */,
				7E90CDB3209919BF00FDCFCA /* ViewController.m */,
				7E90CDB5209919BF00FDCFCA /* Main.storyboard */,
				7E90CDB8209919C000FDCFCA /* Assets.xcassets */,
				7E90CDBA209919C000FDCFCA /* LaunchScreen.storyboard */,
				7E90CDBD209919C000FDCFCA /* Info.plist */,
				7E90CDBE209919C000FDCFCA /* main.m */,
			);
			path = UISwitches;
			sourceTree = "<group>";
		};
		7E90CDC7209919C000FDCFCA /* UISwitchesTests */ = {
			isa = PBXGroup;
			children = (
				7E90CDC8209919C000FDCFCA /* UISwitchesTests.m */,
				7E90CDCA209919C000FDCFCA /* Info.plist */,
			);
			path = UISwitchesTests;
			sourceTree = "<group>";
		};
		7E90CDD2209919C000FDCFCA /* UISwitchesUITests */ = {
			isa = PBXGroup;
			children = (
				7E90CDD3209919C000FDCFCA /* UISwitchesUITests.m */,
				7E90CDD5209919C000FDCFCA /* Info.plist */,
			);
			path = UISwitchesUITests;
			sourceTree = "<group>";
		};
/* End PBXGroup section */

/* Begin PBXNativeTarget section */
		7E90CDAB209919BF00FDCFCA /* UISwitches */ = {
			isa = PBXNativeTarget;
			buildConfigurationList = 7E90CDD8209919C000FDCFCA /* Build configuration list for PBXNativeTarget "UISwitches" */;
			buildPhases = (
				7E90CDA8209919BF00FDCFCA /* Sources */,
				7E90CDA9209919BF00FDCFCA /* Frameworks */,
				7E90CDAA209919BF00FDCFCA /* Resources */,
			);
			buildRules = (
			);
			dependencies = (
			);
			name = UISwitches;
			productName = UISwitches;
			productReference = 7E90CDAC209919BF00FDCFCA /* UISwitches.app */;
			productType = "com.apple.product-type.application";
		};
		7E90CDC3209919C000FDCFCA /* UISwitchesTests */ = {
			isa = PBXNativeTarget;
			buildConfigurationList = 7E90CDDB209919C000FDCFCA /* Build configuration list for PBXNativeTarget "UISwitchesTests" */;
			buildPhases = (
				7E90CDC0209919C000FDCFCA /* Sources */,
				7E90CDC1209919C000FDCFCA /* Frameworks */,
				7E90CDC2209919C000FDCFCA /* Resources */,
			);
			buildRules = (
			);
			dependencies = (
				7E90CDC6209919C000FDCFCA /* PBXTargetDependency */,
			);
			name = UISwitchesTests;
			productName = UISwitchesTests;
			productReference = 7E90CDC4209919C000FDCFCA /* UISwitchesTests.xctest */;
			productType = "com.apple.product-type.bundle.unit-test";
		};
		7E90CDCE209919C000FDCFCA /* UISwitchesUITests */ = {
			isa = PBXNativeTarget;
			buildConfigurationList = 7E90CDDE209919C000FDCFCA /* Build configuration list for PBXNativeTarget "UISwitchesUITests" */;
			buildPhases = (
				7E90CDCB209919C000FDCFCA /* Sources */,
				7E90CDCC209919C000FDCFCA /* Frameworks */,
				7E90CDCD209919C000FDCFCA /* Resources */,
			);
			buildRules = (
			);
			dependencies = (
				7E90CDD1209919C000FDCFCA /* PBXTargetDependency */,
			);
			name = UISwitchesUITests;
			productName = UISwitchesUITests;
			productReference = 7E90CDCF209919C000FDCFCA /* UISwitchesUITests.xctest */;
			productType = "com.apple.product-type.bundle.ui-testing";
		};
/* End PBXNativeTarget section */

/* Begin PBXProject section */
		7E90CDA4209919BF00FDCFCA /* Project object */ = {
			isa = PBXProject;
			attributes = {
				LastUpgradeCheck = 0930;
				ORGANIZATIONNAME = SBT;
				TargetAttributes = {
					7E90CDAB209919BF00FDCFCA = {
						CreatedOnToolsVersion = 9.3;
					};
					7E90CDC3209919C000FDCFCA = {
						CreatedOnToolsVersion = 9.3;
						TestTargetID = 7E90CDAB209919BF00FDCFCA;
					};
					7E90CDCE209919C000FDCFCA = {
						CreatedOnToolsVersion = 9.3;
						TestTargetID = 7E90CDAB209919BF00FDCFCA;
					};
				};
			};
			buildConfigurationList = 7E90CDA7209919BF00FDCFCA /* Build configuration list for PBXProject "UISwitches" */;
			compatibilityVersion = "Xcode 9.3";
			developmentRegion = en;
			hasScannedForEncodings = 0;
			knownRegions = (
				en,
				Base,
			);
			mainGroup = 7E90CDA3209919BF00FDCFCA;
			productRefGroup = 7E90CDAD209919BF00FDCFCA /* Products */;
			projectDirPath = "";
			projectRoot = "";
			targets = (
				7E90CDAB209919BF00FDCFCA /* UISwitches */,
				7E90CDC3209919C000FDCFCA /* UISwitchesTests */,
				7E90CDCE209919C000FDCFCA /* UISwitchesUITests */,
			);
		};
/* End PBXProject section */

/* Begin PBXResourcesBuildPhase section */
		7E90CDAA209919BF00FDCFCA /* Resources */ = {
			isa = PBXResourcesBuildPhase;
			buildActionMask = 2147483647;
			files = (
				7E90CDBC209919C000FDCFCA /* LaunchScreen.storyboard in Resources */,
				7E90CDB9209919C000FDCFCA /* Assets.xcassets in Resources */,
				7E90CDB7209919BF00FDCFCA /* Main.storyboard in Resources */,
			);
			runOnlyForDeploymentPostprocessing = 0;
		};
		7E90CDC2209919C000FDCFCA /* Resources */ = {
			isa = PBXResourcesBuildPhase;
			buildActionMask = 2147483647;
			files = (
			);
			runOnlyForDeploymentPostprocessing = 0;
		};
		7E90CDCD209919C000FDCFCA /* Resources */ = {
			isa = PBXResourcesBuildPhase;
			buildActionMask = 2147483647;
			files = (
			);
			runOnlyForDeploymentPostprocessing = 0;
		};
/* End PBXResourcesBuildPhase section */

/* Begin PBXSourcesBuildPhase section */
		7E90CDA8209919BF00FDCFCA /* Sources */ = {
			isa = PBXSourcesBuildPhase;
			buildActionMask = 2147483647;
			files = (
				7E90CDB4209919BF00FDCFCA /* ViewController.m in Sources */,
				7E90CDBF209919C000FDCFCA /* main.m in Sources */,
				7E90CDB1209919BF00FDCFCA /* AppDelegate.m in Sources */,
			);
			runOnlyForDeploymentPostprocessing = 0;
		};
		7E90CDC0209919C000FDCFCA /* Sources */ = {
			isa = PBXSourcesBuildPhase;
			buildActionMask = 2147483647;
			files = (
				7E90CDC9209919C000FDCFCA /* UISwitchesTests.m in Sources */,
			);
			runOnlyForDeploymentPostprocessing = 0;
		};
		7E90CDCB209919C000FDCFCA /* Sources */ = {
			isa = PBXSourcesBuildPhase;
			buildActionMask = 2147483647;
			files = (
				7E90CDD4209919C000FDCFCA /* UISwitchesUITests.m in Sources */,
			);
			runOnlyForDeploymentPostprocessing = 0;
		};
/* End PBXSourcesBuildPhase section */

/* Begin PBXTargetDependency section */
		7E90CDC6209919C000FDCFCA /* PBXTargetDependency */ = {
			isa = PBXTargetDependency;
			target = 7E90CDAB209919BF00FDCFCA /* UISwitches */;
			targetProxy = 7E90CDC5209919C000FDCFCA /* PBXContainerItemProxy */;
		};
		7E90CDD1209919C000FDCFCA /* PBXTargetDependency */ = {
			isa = PBXTargetDependency;
			target = 7E90CDAB209919BF00FDCFCA /* UISwitches */;
			targetProxy = 7E90CDD0209919C000FDCFCA /* PBXContainerItemProxy */;
		};
/* End PBXTargetDependency section */

/* Begin PBXVariantGroup section */
		7E90CDB5209919BF00FDCFCA /* Main.storyboard */ = {
			isa = PBXVariantGroup;
			children = (
				7E90CDB6209919BF00FDCFCA /* Base */,
			);
			name = Main.storyboard;
			sourceTree = "<group>";
		};
		7E90CDBA209919C000FDCFCA /* LaunchScreen.storyboard */ = {
			isa = PBXVariantGroup;
			children = (
				7E90CDBB209919C000FDCFCA /* Base */,
			);
			name = LaunchScreen.storyboard;
			sourceTree = "<group>";
		};
/* End PBXVariantGroup section */

/* Begin XCBuildConfiguration section */
		7E90CDD6209919C000FDCFCA /* Debug */ = {
			isa = XCBuildConfiguration;
			buildSettings = {
				ALWAYS_SEARCH_USER_PATHS = NO;
				CLANG_ANALYZER_NONNULL = YES;
				CLANG_ANALYZER_NUMBER_OBJECT_CONVERSION = YES_AGGRESSIVE;
				CLANG_CXX_LANGUAGE_STANDARD = "gnu++14";
				CLANG_CXX_LIBRARY = "libc++";
				CLANG_ENABLE_MODULES = YES;
				CLANG_ENABLE_OBJC_ARC = YES;
				CLANG_ENABLE_OBJC_WEAK = YES;
				CLANG_WARN_BLOCK_CAPTURE_AUTORELEASING = YES;
				CLANG_WARN_BOOL_CONVERSION = YES;
				CLANG_WARN_COMMA = YES;
				CLANG_WARN_CONSTANT_CONVERSION = YES;
				CLANG_WARN_DEPRECATED_OBJC_IMPLEMENTATIONS = YES;
				CLANG_WARN_DIRECT_OBJC_ISA_USAGE = YES_ERROR;
				CLANG_WARN_DOCUMENTATION_COMMENTS = YES;
				CLANG_WARN_EMPTY_BODY = YES;
				CLANG_WARN_ENUM_CONVERSION = YES;
				CLANG_WARN_INFINITE_RECURSION = YES;
				CLANG_WARN_INT_CONVERSION = YES;
				CLANG_WARN_NON_LITERAL_NULL_CONVERSION = YES;
				CLANG_WARN_OBJC_IMPLICIT_RETAIN_SELF = YES;
				CLANG_WARN_OBJC_LITERAL_CONVERSION = YES;
				CLANG_WARN_OBJC_ROOT_CLASS = YES_ERROR;
				CLANG_WARN_RANGE_LOOP_ANALYSIS = YES;
				CLANG_WARN_STRICT_PROTOTYPES = YES;
				CLANG_WARN_SUSPICIOUS_MOVE = YES;
				CLANG_WARN_UNGUARDED_AVAILABILITY = YES_AGGRESSIVE;
				CLANG_WARN_UNREACHABLE_CODE = YES;
				CLANG_WARN__DUPLICATE_METHOD_MATCH = YES;
				CODE_SIGN_IDENTITY = "iPhone Developer";
				COPY_PHASE_STRIP = NO;
				DEBUG_INFORMATION_FORMAT = dwarf;
				ENABLE_STRICT_OBJC_MSGSEND = YES;
				ENABLE_TESTABILITY = YES;
				GCC_C_LANGUAGE_STANDARD = gnu11;
				GCC_DYNAMIC_NO_PIC = NO;
				GCC_NO_COMMON_BLOCKS = YES;
				GCC_OPTIMIZATION_LEVEL = 0;
				GCC_PREPROCESSOR_DEFINITIONS = (
					"DEBUG=1",
					"$(inherited)",
				);
				GCC_WARN_64_TO_32_BIT_CONVERSION = YES;
				GCC_WARN_ABOUT_RETURN_TYPE = YES_ERROR;
				GCC_WARN_UNDECLARED_SELECTOR = YES;
				GCC_WARN_UNINITIALIZED_AUTOS = YES_AGGRESSIVE;
				GCC_WARN_UNUSED_FUNCTION = YES;
				GCC_WARN_UNUSED_VARIABLE = YES;
				IPHONEOS_DEPLOYMENT_TARGET = 11.3;
				MTL_ENABLE_DEBUG_INFO = YES;
				ONLY_ACTIVE_ARCH = YES;
				SDKROOT = iphoneos;
			};
			name = Debug;
		};
		7E90CDD7209919C000FDCFCA /* Release */ = {
			isa = XCBuildConfiguration;
			buildSettings = {
				ALWAYS_SEARCH_USER_PATHS = NO;
				CLANG_ANALYZER_NONNULL = YES;
				CLANG_ANALYZER_NUMBER_OBJECT_CONVERSION = YES_AGGRESSIVE;
				CLANG_CXX_LANGUAGE_STANDARD = "gnu++14";
				CLANG_CXX_LIBRARY = "libc++";
				CLANG_ENABLE_MODULES = YES;
				CLANG_ENABLE_OBJC_ARC = YES;
				CLANG_ENABLE_OBJC_WEAK = YES;
				CLANG_WARN_BLOCK_CAPTURE_AUTORELEASING = YES;
				CLANG_WARN_BOOL_CONVERSION = YES;
				CLANG_WARN_COMMA = YES;
				CLANG_WARN_CONSTANT_CONVERSION = YES;
				CLANG_WARN_DEPRECATED_OBJC_IMPLEMENTATIONS = YES;
				CLANG_WARN_DIRECT_OBJC_ISA_USAGE = YES_ERROR;
				CLANG_WARN_DOCUMENTATION_COMMENTS = YES;
				CLANG_WARN_EMPTY_BODY = YES;
				CLANG_WARN_ENUM_CONVERSION = YES;
				CLANG_WARN_INFINITE_RECURSION = YES;
				CLANG_WARN_INT_CONVERSION = YES;
				CLANG_WARN_NON_LITERAL_NULL_CONVERSION = YES;
				CLANG_WARN_OBJC_IMPLICIT_RETAIN_SELF = YES;
				CLANG_WARN_OBJC_LITERAL_CONVERSION = YES;
				CLANG_WARN_OBJC_ROOT_CLASS = YES_ERROR;
				CLANG_WARN_RANGE_LOOP_ANALYSIS = YES;
				CLANG_WARN_STRICT_PROTOTYPES = YES;
				CLANG_WARN_SUSPICIOUS_MOVE = YES;
				CLANG_WARN_UNGUARDED_AVAILABILITY = YES_AGGRESSIVE;
				CLANG_WARN_UNREACHABLE_CODE = YES;
				CLANG_WARN__DUPLICATE_METHOD_MATCH = YES;
				CODE_SIGN_IDENTITY = "iPhone Developer";
				COPY_PHASE_STRIP = NO;
				DEBUG_INFORMATION_FORMAT = "dwarf-with-dsym";
				ENABLE_NS_ASSERTIONS = NO;
				ENABLE_STRICT_OBJC_MSGSEND = YES;
				GCC_C_LANGUAGE_STANDARD = gnu11;
				GCC_NO_COMMON_BLOCKS = YES;
				GCC_WARN_64_TO_32_BIT_CONVERSION = YES;
				GCC_WARN_ABOUT_RETURN_TYPE = YES_ERROR;
				GCC_WARN_UNDECLARED_SELECTOR = YES;
				GCC_WARN_UNINITIALIZED_AUTOS = YES_AGGRESSIVE;
				GCC_WARN_UNUSED_FUNCTION = YES;
				GCC_WARN_UNUSED_VARIABLE = YES;
				IPHONEOS_DEPLOYMENT_TARGET = 11.3;
				MTL_ENABLE_DEBUG_INFO = NO;
				SDKROOT = iphoneos;
				VALIDATE_PRODUCT = YES;
			};
			name = Release;
		};
		7E90CDD9209919C000FDCFCA /* Debug */ = {
			isa = XCBuildConfiguration;
			buildSettings = {
				ASSETCATALOG_COMPILER_APPICON_NAME = AppIcon;
				CODE_SIGN_STYLE = Automatic;
				DEVELOPMENT_TEAM = ZKNT78S249;
				INFOPLIST_FILE = UISwitches/Info.plist;
				LD_RUNPATH_SEARCH_PATHS = (
					"$(inherited)",
					"@executable_path/Frameworks",
				);
				PRODUCT_BUNDLE_IDENTIFIER = ru.sberbank.UISwitches;
				PRODUCT_NAME = "$(TARGET_NAME)";
				TARGETED_DEVICE_FAMILY = "1,2";
			};
			name = Debug;
		};
		7E90CDDA209919C000FDCFCA /* Release */ = {
			isa = XCBuildConfiguration;
			buildSettings = {
				ASSETCATALOG_COMPILER_APPICON_NAME = AppIcon;
				CODE_SIGN_STYLE = Automatic;
				DEVELOPMENT_TEAM = ZKNT78S249;
				INFOPLIST_FILE = UISwitches/Info.plist;
				LD_RUNPATH_SEARCH_PATHS = (
					"$(inherited)",
					"@executable_path/Frameworks",
				);
				PRODUCT_BUNDLE_IDENTIFIER = ru.sberbank.UISwitches;
				PRODUCT_NAME = "$(TARGET_NAME)";
				TARGETED_DEVICE_FAMILY = "1,2";
			};
			name = Release;
		};
		7E90CDDC209919C000FDCFCA /* Debug */ = {
			isa = XCBuildConfiguration;
			buildSettings = {
				BUNDLE_LOADER = "$(TEST_HOST)";
				CODE_SIGN_STYLE = Automatic;
				DEVELOPMENT_TEAM = ZKNT78S249;
				INFOPLIST_FILE = UISwitchesTests/Info.plist;
				LD_RUNPATH_SEARCH_PATHS = (
					"$(inherited)",
					"@executable_path/Frameworks",
					"@loader_path/Frameworks",
				);
				PRODUCT_BUNDLE_IDENTIFIER = ru.sberbank.UISwitchesTests;
				PRODUCT_NAME = "$(TARGET_NAME)";
				TARGETED_DEVICE_FAMILY = "1,2";
				TEST_HOST = "$(BUILT_PRODUCTS_DIR)/UISwitches.app/UISwitches";
			};
			name = Debug;
		};
		7E90CDDD209919C000FDCFCA /* Release */ = {
			isa = XCBuildConfiguration;
			buildSettings = {
				BUNDLE_LOADER = "$(TEST_HOST)";
				CODE_SIGN_STYLE = Automatic;
				DEVELOPMENT_TEAM = ZKNT78S249;
				INFOPLIST_FILE = UISwitchesTests/Info.plist;
				LD_RUNPATH_SEARCH_PATHS = (
					"$(inherited)",
					"@executable_path/Frameworks",
					"@loader_path/Frameworks",
				);
				PRODUCT_BUNDLE_IDENTIFIER = ru.sberbank.UISwitchesTests;
				PRODUCT_NAME = "$(TARGET_NAME)";
				TARGETED_DEVICE_FAMILY = "1,2";
				TEST_HOST = "$(BUILT_PRODUCTS_DIR)/UISwitches.app/UISwitches";
			};
			name = Release;
		};
		7E90CDDF209919C000FDCFCA /* Debug */ = {
			isa = XCBuildConfiguration;
			buildSettings = {
				CODE_SIGN_STYLE = Automatic;
				DEVELOPMENT_TEAM = ZKNT78S249;
				INFOPLIST_FILE = UISwitchesUITests/Info.plist;
				LD_RUNPATH_SEARCH_PATHS = (
					"$(inherited)",
					"@executable_path/Frameworks",
					"@loader_path/Frameworks",
				);
				PRODUCT_BUNDLE_IDENTIFIER = ru.sberbank.UISwitchesUITests;
				PRODUCT_NAME = "$(TARGET_NAME)";
				TARGETED_DEVICE_FAMILY = "1,2";
				TEST_TARGET_NAME = UISwitches;
			};
			name = Debug;
		};
		7E90CDE0209919C000FDCFCA /* Release */ = {
			isa = XCBuildConfiguration;
			buildSettings = {
				CODE_SIGN_STYLE = Automatic;
				DEVELOPMENT_TEAM = ZKNT78S249;
				INFOPLIST_FILE = UISwitchesUITests/Info.plist;
				LD_RUNPATH_SEARCH_PATHS = (
					"$(inherited)",
					"@executable_path/Frameworks",
					"@loader_path/Frameworks",
				);
				PRODUCT_BUNDLE_IDENTIFIER = ru.sberbank.UISwitchesUITests;
				PRODUCT_NAME = "$(TARGET_NAME)";
				TARGETED_DEVICE_FAMILY = "1,2";
				TEST_TARGET_NAME = UISwitches;
			};
			name = Release;
		};
/* End XCBuildConfiguration section */

/* Begin XCConfigurationList section */
		7E90CDA7209919BF00FDCFCA /* Build configuration list for PBXProject "UISwitches" */ = {
			isa = XCConfigurationList;
			buildConfigurations = (
				7E90CDD6209919C000FDCFCA /* Debug */,
				7E90CDD7209919C000FDCFCA /* Release */,
			);
			defaultConfigurationIsVisible = 0;
			defaultConfigurationName = Release;
		};
		7E90CDD8209919C000FDCFCA /* Build configuration list for PBXNativeTarget "UISwitches" */ = {
			isa = XCConfigurationList;
			buildConfigurations = (
				7E90CDD9209919C000FDCFCA /* Debug */,
				7E90CDDA209919C000FDCFCA /* Release */,
			);
			defaultConfigurationIsVisible = 0;
			defaultConfigurationName = Release;
		};
		7E90CDDB209919C000FDCFCA /* Build configuration list for PBXNativeTarget "UISwitchesTests" */ = {
			isa = XCConfigurationList;
			buildConfigurations = (
				7E90CDDC209919C000FDCFCA /* Debug */,
				7E90CDDD209919C000FDCFCA /* Release */,
			);
			defaultConfigurationIsVisible = 0;
			defaultConfigurationName = Release;
		};
		7E90CDDE209919C000FDCFCA /* Build configuration list for PBXNativeTarget "UISwitchesUITests" */ = {
			isa = XCConfigurationList;
			buildConfigurations = (
				7E90CDDF209919C000FDCFCA /* Debug */,
				7E90CDE0209919C000FDCFCA /* Release */,
			);
			defaultConfigurationIsVisible = 0;
			defaultConfigurationName = Release;
		};
/* End XCConfigurationList section */
	};
	rootObject = 7E90CDA4209919BF00FDCFCA /* Project object */;
}
